
Microsoft Visual Studio Solution File, Format Version 12.00
# Visual Studio 15
VisualStudioVersion = 15.0.27703.2018
MinimumVisualStudioVersion = 10.0.40219.1
Project("{FAE04EC0-301F-11D3-BF4B-00C04F79EFBC}") = "PicRS232", "PicRS232\PicRS232.csproj", "{F053B6C4-0533-4F70-816E-D74E4E229BA6}"
EndProject
Global
	GlobalSection(SolutionConfigurationPlatforms) = preSolution
		Debug|Any CPU = Debug|Any CPU
		Release|Any CPU = Release|Any CPU
	EndGlobalSection
	GlobalSection(ProjectConfigurationPlatforms) = postSolution
		{F053B6C4-0533-4F70-816E-D74E4E229BA6}.Debug|Any CPU.ActiveCfg = Debug|Any CPU
		{F053B6C4-0533-4F70-816E-D74E4E229BA6}.Debug|Any CPU.Build.0 = Debug|Any CPU
		{F053B6C4-0533-4F70-816E-D74E4E229BA6}.Release|Any CPU.ActiveCfg = Release|Any CPU
		{F053B6C4-0533-4F70-816E-D74E4E229BA6}.Release|Any CPU.Build.0 = Release|Any CPU
	EndGlobalSection
	GlobalSection(SolutionProperties) = preSolution
		HideSolutionNode = FALSE
	EndGlobalSection
	GlobalSection(ExtensibilityGlobals) = postSolution
		SolutionGuid = {C706C52C-553F-4DF0-B841-8F4E70D33B04}
	EndGlobalSection
EndGlobal
